
Microsoft Visual Studio Solution File, Format Version 12.00
# Visual Studio Version 17
VisualStudioVersion = 17.6.33723.286
MinimumVisualStudioVersion = 10.0.40219.1
Project("{FAE04EC0-301F-11D3-BF4B-00C04F79EFBC}") = "p3ppc.visibleRankupReady", "p3ppc.visibleRankupReady.csproj", "{97732BCD-C052-4F55-B43F-EBEBCF085252}"
EndProject
Global
	GlobalSection(SolutionConfigurationPlatforms) = preSolution
		Debug|Any CPU = Debug|Any CPU
		Release|Any CPU = Release|Any CPU
	EndGlobalSection
	GlobalSection(ProjectConfigurationPlatforms) = postSolution
		{97732BCD-C052-4F55-B43F-EBEBCF085252}.Debug|Any CPU.ActiveCfg = Debug|Any CPU
		{97732BCD-C052-4F55-B43F-EBEBCF085252}.Debug|Any CPU.Build.0 = Debug|Any CPU
		{97732BCD-C052-4F55-B43F-EBEBCF085252}.Release|Any CPU.ActiveCfg = Release|Any CPU
		{97732BCD-C052-4F55-B43F-EBEBCF085252}.Release|Any CPU.Build.0 = Release|Any CPU
	EndGlobalSection
	GlobalSection(SolutionProperties) = preSolution
		HideSolutionNode = FALSE
	EndGlobalSection
	GlobalSection(ExtensibilityGlobals) = postSolution
		SolutionGuid = {237EAB25-872A-4D66-A2E4-38503F6BF130}
	EndGlobalSection
EndGlobal
